
Microsoft Visual Studio Solution File, Format Version 12.00
# Visual Studio Version 17
VisualStudioVersion = 17.7.34024.191
MinimumVisualStudioVersion = 10.0.40219.1
Project("{54A90642-561A-4BB1-A94E-469ADEE60C69}") = "angularapp", "angularapp\angularapp.esproj", "{1DB71728-ED30-4D8D-BB11-316C91457A45}"
EndProject
Project("{9A19103F-16F7-4668-BE54-9A1E7A4F7556}") = "webapi", "webapi\webapi.csproj", "{CBC86192-2E35-4F9E-AD3E-4F2828F91B56}"
EndProject
Global
	GlobalSection(SolutionConfigurationPlatforms) = preSolution
		Debug|Any CPU = Debug|Any CPU
		Release|Any CPU = Release|Any CPU
	EndGlobalSection
	GlobalSection(ProjectConfigurationPlatforms) = postSolution
		{1DB71728-ED30-4D8D-BB11-316C91457A45}.Debug|Any CPU.ActiveCfg = Debug|Any CPU
		{1DB71728-ED30-4D8D-BB11-316C91457A45}.Debug|Any CPU.Build.0 = Debug|Any CPU
		{1DB71728-ED30-4D8D-BB11-316C91457A45}.Debug|Any CPU.Deploy.0 = Debug|Any CPU
		{1DB71728-ED30-4D8D-BB11-316C91457A45}.Release|Any CPU.ActiveCfg = Release|Any CPU
		{1DB71728-ED30-4D8D-BB11-316C91457A45}.Release|Any CPU.Build.0 = Release|Any CPU
		{1DB71728-ED30-4D8D-BB11-316C91457A45}.Release|Any CPU.Deploy.0 = Release|Any CPU
		{CBC86192-2E35-4F9E-AD3E-4F2828F91B56}.Debug|Any CPU.ActiveCfg = Debug|Any CPU
		{CBC86192-2E35-4F9E-AD3E-4F2828F91B56}.Debug|Any CPU.Build.0 = Debug|Any CPU
		{CBC86192-2E35-4F9E-AD3E-4F2828F91B56}.Release|Any CPU.ActiveCfg = Release|Any CPU
		{CBC86192-2E35-4F9E-AD3E-4F2828F91B56}.Release|Any CPU.Build.0 = Release|Any CPU
	EndGlobalSection
	GlobalSection(SolutionProperties) = preSolution
		HideSolutionNode = FALSE
	EndGlobalSection
	GlobalSection(ExtensibilityGlobals) = postSolution
		SolutionGuid = {DC3CAE84-978C-4AD9-A493-35AF007BB579}
	EndGlobalSection
EndGlobal
